// !$*UTF8*$!
{
	archiveVersion = 1;
	classes = {
	};
	objectVersion = 56;
	objects = {

/* Begin PBXBuildFile section */
		8DD015132C835BFF006957DE /* SwiftDotenv in Frameworks */ = {isa = PBXBuildFile; productRef = 8DD015122C835BFF006957DE /* SwiftDotenv */; };
		8DEF055B2C81F00000433792 /* AppDelegate.swift in Sources */ = {isa = PBXBuildFile; fileRef = 8DEF055A2C81F00000433792 /* AppDelegate.swift */; };
		8DEF055D2C81F00000433792 /* SceneDelegate.swift in Sources */ = {isa = PBXBuildFile; fileRef = 8DEF055C2C81F00000433792 /* SceneDelegate.swift */; };
		8DEF05652C81F00000433792 /* ShouldWeWalk.xcdatamodeld in Sources */ = {isa = PBXBuildFile; fileRef = 8DEF05632C81F00000433792 /* ShouldWeWalk.xcdatamodeld */; };
		8DEF05752C81F00200433792 /* ShouldWeWalkTests.swift in Sources */ = {isa = PBXBuildFile; fileRef = 8DEF05742C81F00200433792 /* ShouldWeWalkTests.swift */; };
		8DEF057F2C81F00200433792 /* ShouldWeWalkUITests.swift in Sources */ = {isa = PBXBuildFile; fileRef = 8DEF057E2C81F00200433792 /* ShouldWeWalkUITests.swift */; };
		8DEF05812C81F00200433792 /* ShouldWeWalkUITestsLaunchTests.swift in Sources */ = {isa = PBXBuildFile; fileRef = 8DEF05802C81F00200433792 /* ShouldWeWalkUITestsLaunchTests.swift */; };
		8DEF05902C81F15C00433792 /* .gitignore in Resources */ = {isa = PBXBuildFile; fileRef = 8DEF058F2C81F15C00433792 /* .gitignore */; };
		8DEF05A72C81FF4400433792 /* Lottie in Frameworks */ = {isa = PBXBuildFile; productRef = 8DEF05A62C81FF4400433792 /* Lottie */; };
		8DF195F02C970FD200A1870F /* DogsDataCell.xib in Resources */ = {isa = PBXBuildFile; fileRef = 8DF195EF2C970FD200A1870F /* DogsDataCell.xib */; };
		8DF195F22C97103E00A1870F /* DogsDataViewController.swift in Sources */ = {isa = PBXBuildFile; fileRef = 8DF195F12C97103E00A1870F /* DogsDataViewController.swift */; };
		8DF195F62C9719F300A1870F /* GetDogsDataUseCase.swift in Sources */ = {isa = PBXBuildFile; fileRef = 8DF195F52C9719F300A1870F /* GetDogsDataUseCase.swift */; };
		8DF195F82C971A7900A1870F /* DogsUseCaseProtocol.swift in Sources */ = {isa = PBXBuildFile; fileRef = 8DF195F72C971A7900A1870F /* DogsUseCaseProtocol.swift */; };
		8DF50E102C86279200F696BA /* CurrentTemperatureView.xib in Resources */ = {isa = PBXBuildFile; fileRef = 8DF50E0F2C86279200F696BA /* CurrentTemperatureView.xib */; };
		8DF50E122C8627B400F696BA /* CurrentTemperatureViewController.swift in Sources */ = {isa = PBXBuildFile; fileRef = 8DF50E112C8627B400F696BA /* CurrentTemperatureViewController.swift */; };
		8DF50E142C86288E00F696BA /* CurrentTemperatureViewModel.swift in Sources */ = {isa = PBXBuildFile; fileRef = 8DF50E132C86288E00F696BA /* CurrentTemperatureViewModel.swift */; };
		8DF50E162C8628AE00F696BA /* ViewController.swift in Sources */ = {isa = PBXBuildFile; fileRef = 8DF50E152C8628AE00F696BA /* ViewController.swift */; };
		8DF50E182C8628C400F696BA /* MainScreenViewModel.swift in Sources */ = {isa = PBXBuildFile; fileRef = 8DF50E172C8628C400F696BA /* MainScreenViewModel.swift */; };
		8DF50E1A2C8628E300F696BA /* WeatherRepository.swift in Sources */ = {isa = PBXBuildFile; fileRef = 8DF50E192C8628E300F696BA /* WeatherRepository.swift */; };
		8DF50E1C2C8628F100F696BA /* LocationManager.swift in Sources */ = {isa = PBXBuildFile; fileRef = 8DF50E1B2C8628F100F696BA /* LocationManager.swift */; };
		8DF50E1E2C86292900F696BA /* WeatherModel.swift in Sources */ = {isa = PBXBuildFile; fileRef = 8DF50E1D2C86292900F696BA /* WeatherModel.swift */; };
		8DF50E202C86293700F696BA /* Dog.swift in Sources */ = {isa = PBXBuildFile; fileRef = 8DF50E1F2C86293700F696BA /* Dog.swift */; };
		8DF50E222C86294300F696BA /* WeatherDTO.swift in Sources */ = {isa = PBXBuildFile; fileRef = 8DF50E212C86294300F696BA /* WeatherDTO.swift */; };
		8DF50E272C86298500F696BA /* GetWeatherUseCase.swift in Sources */ = {isa = PBXBuildFile; fileRef = 8DF50E262C86298500F696BA /* GetWeatherUseCase.swift */; };
		8DF50E292C86299200F696BA /* GetCurrentLocationUseCase.swift in Sources */ = {isa = PBXBuildFile; fileRef = 8DF50E282C86299200F696BA /* GetCurrentLocationUseCase.swift */; };
		8DF50E2B2C86299E00F696BA /* GetWeatherProtocol.swift in Sources */ = {isa = PBXBuildFile; fileRef = 8DF50E2A2C86299E00F696BA /* GetWeatherProtocol.swift */; };
		8DF50E2D2C8629B000F696BA /* WeatherServiceProtocol.swift in Sources */ = {isa = PBXBuildFile; fileRef = 8DF50E2C2C8629B000F696BA /* WeatherServiceProtocol.swift */; };
		8DF50E2F2C8629BE00F696BA /* GetCurrentLocationUseCaseProtocol.swift in Sources */ = {isa = PBXBuildFile; fileRef = 8DF50E2E2C8629BE00F696BA /* GetCurrentLocationUseCaseProtocol.swift */; };
		8DF50E312C8629D100F696BA /* heatAnimationBG.json in Resources */ = {isa = PBXBuildFile; fileRef = 8DF50E302C8629D100F696BA /* heatAnimationBG.json */; };
		8DF50E332C8629DC00F696BA /* DogsData.json in Resources */ = {isa = PBXBuildFile; fileRef = 8DF50E322C8629DB00F696BA /* DogsData.json */; };
		8DF50E352C8629EA00F696BA /* WeatherMockedData.json in Resources */ = {isa = PBXBuildFile; fileRef = 8DF50E342C8629EA00F696BA /* WeatherMockedData.json */; };
		8DF50E372C862A1800F696BA /* Main.storyboard in Resources */ = {isa = PBXBuildFile; fileRef = 8DF50E362C862A1800F696BA /* Main.storyboard */; };
		8DF50E3B2C862A4E00F696BA /* LaunchScreen.storyboard in Resources */ = {isa = PBXBuildFile; fileRef = 8DF50E3A2C862A4E00F696BA /* LaunchScreen.storyboard */; };
		8DF50E3D2C862A6800F696BA /* WeatherService.swift in Sources */ = {isa = PBXBuildFile; fileRef = 8DF50E3C2C862A6800F696BA /* WeatherService.swift */; };
		8DF50E3F2C862A7700F696BA /* Utils.swift in Sources */ = {isa = PBXBuildFile; fileRef = 8DF50E3E2C862A7700F696BA /* Utils.swift */; };
		8DF50E412C862A8B00F696BA /* Extension+URLResponse.swift in Sources */ = {isa = PBXBuildFile; fileRef = 8DF50E402C862A8B00F696BA /* Extension+URLResponse.swift */; };
		8DF50E432C862A9C00F696BA /* NetworkConstants.swift in Sources */ = {isa = PBXBuildFile; fileRef = 8DF50E422C862A9C00F696BA /* NetworkConstants.swift */; };
		8DF50E452C862AAE00F696BA /* GetEnvData.swift in Sources */ = {isa = PBXBuildFile; fileRef = 8DF50E442C862AAE00F696BA /* GetEnvData.swift */; };
		8DF50E472C862C2E00F696BA /* .env in Resources */ = {isa = PBXBuildFile; fileRef = 8DF50E462C862C2E00F696BA /* .env */; };
		8DF50E4A2C9096BF00F696BA /* Assets.xcassets in Resources */ = {isa = PBXBuildFile; fileRef = 8DF50E492C9096BF00F696BA /* Assets.xcassets */; };
/* End PBXBuildFile section */

/* Begin PBXContainerItemProxy section */
		8DEF05712C81F00200433792 /* PBXContainerItemProxy */ = {
			isa = PBXContainerItemProxy;
			containerPortal = 8DEF054F2C81F00000433792 /* Project object */;
			proxyType = 1;
			remoteGlobalIDString = 8DEF05562C81F00000433792;
			remoteInfo = ShouldWeWalk;
		};
		8DEF057B2C81F00200433792 /* PBXContainerItemProxy */ = {
			isa = PBXContainerItemProxy;
			containerPortal = 8DEF054F2C81F00000433792 /* Project object */;
			proxyType = 1;
			remoteGlobalIDString = 8DEF05562C81F00000433792;
			remoteInfo = ShouldWeWalk;
		};
/* End PBXContainerItemProxy section */

/* Begin PBXFileReference section */
		8DEF05572C81F00000433792 /* ShouldWeWalk.app */ = {isa = PBXFileReference; explicitFileType = wrapper.application; includeInIndex = 0; path = ShouldWeWalk.app; sourceTree = BUILT_PRODUCTS_DIR; };
		8DEF055A2C81F00000433792 /* AppDelegate.swift */ = {isa = PBXFileReference; lastKnownFileType = sourcecode.swift; path = AppDelegate.swift; sourceTree = "<group>"; };
		8DEF055C2C81F00000433792 /* SceneDelegate.swift */ = {isa = PBXFileReference; lastKnownFileType = sourcecode.swift; path = SceneDelegate.swift; sourceTree = "<group>"; };
		8DEF05642C81F00000433792 /* ShouldWeWalk.xcdatamodel */ = {isa = PBXFileReference; lastKnownFileType = wrapper.xcdatamodel; path = ShouldWeWalk.xcdatamodel; sourceTree = "<group>"; };
		8DEF056B2C81F00200433792 /* Info.plist */ = {isa = PBXFileReference; lastKnownFileType = text.plist.xml; path = Info.plist; sourceTree = "<group>"; };
		8DEF05702C81F00200433792 /* ShouldWeWalkTests.xctest */ = {isa = PBXFileReference; explicitFileType = wrapper.cfbundle; includeInIndex = 0; path = ShouldWeWalkTests.xctest; sourceTree = BUILT_PRODUCTS_DIR; };
		8DEF05742C81F00200433792 /* ShouldWeWalkTests.swift */ = {isa = PBXFileReference; lastKnownFileType = sourcecode.swift; path = ShouldWeWalkTests.swift; sourceTree = "<group>"; };
		8DEF057A2C81F00200433792 /* ShouldWeWalkUITests.xctest */ = {isa = PBXFileReference; explicitFileType = wrapper.cfbundle; includeInIndex = 0; path = ShouldWeWalkUITests.xctest; sourceTree = BUILT_PRODUCTS_DIR; };
		8DEF057E2C81F00200433792 /* ShouldWeWalkUITests.swift */ = {isa = PBXFileReference; lastKnownFileType = sourcecode.swift; path = ShouldWeWalkUITests.swift; sourceTree = "<group>"; };
		8DEF05802C81F00200433792 /* ShouldWeWalkUITestsLaunchTests.swift */ = {isa = PBXFileReference; lastKnownFileType = sourcecode.swift; path = ShouldWeWalkUITestsLaunchTests.swift; sourceTree = "<group>"; };
		8DEF058F2C81F15C00433792 /* .gitignore */ = {isa = PBXFileReference; lastKnownFileType = text; path = .gitignore; sourceTree = "<group>"; };
		8DF195EF2C970FD200A1870F /* DogsDataCell.xib */ = {isa = PBXFileReference; lastKnownFileType = file.xib; path = DogsDataCell.xib; sourceTree = "<group>"; };
		8DF195F12C97103E00A1870F /* DogsDataViewController.swift */ = {isa = PBXFileReference; lastKnownFileType = sourcecode.swift; path = DogsDataViewController.swift; sourceTree = "<group>"; };
		8DF195F52C9719F300A1870F /* GetDogsDataUseCase.swift */ = {isa = PBXFileReference; lastKnownFileType = sourcecode.swift; path = GetDogsDataUseCase.swift; sourceTree = "<group>"; };
		8DF195F72C971A7900A1870F /* DogsUseCaseProtocol.swift */ = {isa = PBXFileReference; lastKnownFileType = sourcecode.swift; path = DogsUseCaseProtocol.swift; sourceTree = "<group>"; };
		8DF50E0F2C86279200F696BA /* CurrentTemperatureView.xib */ = {isa = PBXFileReference; fileEncoding = 4; lastKnownFileType = file.xib; name = CurrentTemperatureView.xib; path = ShouldWeWalk/CurrentTemperatureView.xib; sourceTree = SOURCE_ROOT; };
		8DF50E112C8627B400F696BA /* CurrentTemperatureViewController.swift */ = {isa = PBXFileReference; fileEncoding = 4; lastKnownFileType = sourcecode.swift; name = CurrentTemperatureViewController.swift; path = ShouldWeWalk/CurrentTemperatureViewController.swift; sourceTree = SOURCE_ROOT; };
		8DF50E132C86288E00F696BA /* CurrentTemperatureViewModel.swift */ = {isa = PBXFileReference; fileEncoding = 4; lastKnownFileType = sourcecode.swift; name = CurrentTemperatureViewModel.swift; path = ShouldWeWalk/Presentation/Components/CurrentTemperatureView/CurrentTemperatureViewModel.swift; sourceTree = SOURCE_ROOT; };
		8DF50E152C8628AE00F696BA /* ViewController.swift */ = {isa = PBXFileReference; fileEncoding = 4; lastKnownFileType = sourcecode.swift; name = ViewController.swift; path = ShouldWeWalk/Presentation/Views/MainScreen/ViewController.swift; sourceTree = SOURCE_ROOT; };
		8DF50E172C8628C400F696BA /* MainScreenViewModel.swift */ = {isa = PBXFileReference; fileEncoding = 4; lastKnownFileType = sourcecode.swift; name = MainScreenViewModel.swift; path = ShouldWeWalk/Presentation/ViewModels/MainScreenViewModel.swift; sourceTree = SOURCE_ROOT; };
		8DF50E192C8628E300F696BA /* WeatherRepository.swift */ = {isa = PBXFileReference; fileEncoding = 4; lastKnownFileType = sourcecode.swift; name = WeatherRepository.swift; path = ShouldWeWalk/Repository/WeatherRepository.swift; sourceTree = SOURCE_ROOT; };
		8DF50E1B2C8628F100F696BA /* LocationManager.swift */ = {isa = PBXFileReference; fileEncoding = 4; lastKnownFileType = sourcecode.swift; name = LocationManager.swift; path = ShouldWeWalk/Data/LocationManager.swift; sourceTree = SOURCE_ROOT; };
		8DF50E1D2C86292900F696BA /* WeatherModel.swift */ = {isa = PBXFileReference; fileEncoding = 4; lastKnownFileType = sourcecode.swift; name = WeatherModel.swift; path = ShouldWeWalk/Data/Model/Presentation/WeatherModel.swift; sourceTree = SOURCE_ROOT; };
		8DF50E1F2C86293700F696BA /* Dog.swift */ = {isa = PBXFileReference; fileEncoding = 4; lastKnownFileType = sourcecode.swift; name = Dog.swift; path = ShouldWeWalk/Data/Model/Local/Dog.swift; sourceTree = SOURCE_ROOT; };
		8DF50E212C86294300F696BA /* WeatherDTO.swift */ = {isa = PBXFileReference; fileEncoding = 4; lastKnownFileType = sourcecode.swift; name = WeatherDTO.swift; path = ShouldWeWalk/Data/Model/DTO/WeatherDTO.swift; sourceTree = SOURCE_ROOT; };
		8DF50E262C86298500F696BA /* GetWeatherUseCase.swift */ = {isa = PBXFileReference; fileEncoding = 4; lastKnownFileType = sourcecode.swift; name = GetWeatherUseCase.swift; path = ShouldWeWalk/Domain/UseCases/GetWeatherUseCase.swift; sourceTree = SOURCE_ROOT; };
		8DF50E282C86299200F696BA /* GetCurrentLocationUseCase.swift */ = {isa = PBXFileReference; fileEncoding = 4; lastKnownFileType = sourcecode.swift; name = GetCurrentLocationUseCase.swift; path = ShouldWeWalk/Domain/UseCases/GetCurrentLocationUseCase.swift; sourceTree = SOURCE_ROOT; };
		8DF50E2A2C86299E00F696BA /* GetWeatherProtocol.swift */ = {isa = PBXFileReference; fileEncoding = 4; lastKnownFileType = sourcecode.swift; name = GetWeatherProtocol.swift; path = ShouldWeWalk/Domain/Protocols/GetWeatherProtocol.swift; sourceTree = SOURCE_ROOT; };
		8DF50E2C2C8629B000F696BA /* WeatherServiceProtocol.swift */ = {isa = PBXFileReference; fileEncoding = 4; lastKnownFileType = sourcecode.swift; name = WeatherServiceProtocol.swift; path = ShouldWeWalk/Domain/Protocols/WeatherServiceProtocol.swift; sourceTree = SOURCE_ROOT; };
		8DF50E2E2C8629BE00F696BA /* GetCurrentLocationUseCaseProtocol.swift */ = {isa = PBXFileReference; fileEncoding = 4; lastKnownFileType = sourcecode.swift; name = GetCurrentLocationUseCaseProtocol.swift; path = ShouldWeWalk/Domain/Protocols/GetCurrentLocationUseCaseProtocol.swift; sourceTree = SOURCE_ROOT; };
		8DF50E302C8629D100F696BA /* heatAnimationBG.json */ = {isa = PBXFileReference; fileEncoding = 4; lastKnownFileType = text.json; name = heatAnimationBG.json; path = ShouldWeWalk/Resources/Animations/heatAnimationBG.json; sourceTree = SOURCE_ROOT; };
		8DF50E322C8629DB00F696BA /* DogsData.json */ = {isa = PBXFileReference; fileEncoding = 4; lastKnownFileType = text.json; name = DogsData.json; path = ShouldWeWalk/Resources/LocalData/DogsData.json; sourceTree = SOURCE_ROOT; };
		8DF50E342C8629EA00F696BA /* WeatherMockedData.json */ = {isa = PBXFileReference; fileEncoding = 4; lastKnownFileType = text.json; name = WeatherMockedData.json; path = ShouldWeWalk/WeatherMockedData.json; sourceTree = SOURCE_ROOT; };
		8DF50E362C862A1800F696BA /* Main.storyboard */ = {isa = PBXFileReference; fileEncoding = 4; lastKnownFileType = file.storyboard; name = Main.storyboard; path = ShouldWeWalk/Main.storyboard; sourceTree = SOURCE_ROOT; };
		8DF50E3A2C862A4E00F696BA /* LaunchScreen.storyboard */ = {isa = PBXFileReference; fileEncoding = 4; lastKnownFileType = file.storyboard; name = LaunchScreen.storyboard; path = ShouldWeWalk/Presentation/Views/LaunchScreen/LaunchScreen.storyboard; sourceTree = SOURCE_ROOT; };
		8DF50E3C2C862A6800F696BA /* WeatherService.swift */ = {isa = PBXFileReference; fileEncoding = 4; lastKnownFileType = sourcecode.swift; name = WeatherService.swift; path = ShouldWeWalk/Network/Services/WeatherService.swift; sourceTree = SOURCE_ROOT; };
		8DF50E3E2C862A7700F696BA /* Utils.swift */ = {isa = PBXFileReference; fileEncoding = 4; lastKnownFileType = sourcecode.swift; name = Utils.swift; path = ShouldWeWalk/Utils.swift; sourceTree = SOURCE_ROOT; };
		8DF50E402C862A8B00F696BA /* Extension+URLResponse.swift */ = {isa = PBXFileReference; fileEncoding = 4; lastKnownFileType = sourcecode.swift; name = "Extension+URLResponse.swift"; path = "ShouldWeWalk/Extension+URLResponse.swift"; sourceTree = SOURCE_ROOT; };
		8DF50E422C862A9C00F696BA /* NetworkConstants.swift */ = {isa = PBXFileReference; fileEncoding = 4; lastKnownFileType = sourcecode.swift; name = NetworkConstants.swift; path = ShouldWeWalk/NetworkConstants.swift; sourceTree = SOURCE_ROOT; };
		8DF50E442C862AAE00F696BA /* GetEnvData.swift */ = {isa = PBXFileReference; fileEncoding = 4; lastKnownFileType = sourcecode.swift; name = GetEnvData.swift; path = ShouldWeWalk/GetEnvData.swift; sourceTree = SOURCE_ROOT; };
		8DF50E462C862C2E00F696BA /* .env */ = {isa = PBXFileReference; fileEncoding = 4; lastKnownFileType = text; path = .env; sourceTree = "<group>"; };
		8DF50E492C9096BF00F696BA /* Assets.xcassets */ = {isa = PBXFileReference; lastKnownFileType = folder.assetcatalog; name = Assets.xcassets; path = ShouldWeWalk/Resourcers/Assets.xcassets; sourceTree = SOURCE_ROOT; };
/* End PBXFileReference section */

/* Begin PBXFrameworksBuildPhase section */
		8DEF05542C81F00000433792 /* Frameworks */ = {
			isa = PBXFrameworksBuildPhase;
			buildActionMask = 2147483647;
			files = (
				8DD015132C835BFF006957DE /* SwiftDotenv in Frameworks */,
				8DEF05A72C81FF4400433792 /* Lottie in Frameworks */,
			);
			runOnlyForDeploymentPostprocessing = 0;
		};
		8DEF056D2C81F00200433792 /* Frameworks */ = {
			isa = PBXFrameworksBuildPhase;
			buildActionMask = 2147483647;
			files = (
			);
			runOnlyForDeploymentPostprocessing = 0;
		};
		8DEF05772C81F00200433792 /* Frameworks */ = {
			isa = PBXFrameworksBuildPhase;
			buildActionMask = 2147483647;
			files = (
			);
			runOnlyForDeploymentPostprocessing = 0;
		};
/* End PBXFrameworksBuildPhase section */

/* Begin PBXGroup section */
		8DB777842C9834CF00A4ADA7 /* Services */ = {
			isa = PBXGroup;
			children = (
				8DF50E3C2C862A6800F696BA /* WeatherService.swift */,
			);
			path = Services;
			sourceTree = "<group>";
		};
		8DEF054E2C81F00000433792 = {
			isa = PBXGroup;
			children = (
				8DF50E462C862C2E00F696BA /* .env */,
				8DEF058F2C81F15C00433792 /* .gitignore */,
				8DEF05592C81F00000433792 /* ShouldWeWalk */,
				8DEF05732C81F00200433792 /* ShouldWeWalkTests */,
				8DEF057D2C81F00200433792 /* ShouldWeWalkUITests */,
				8DEF05582C81F00000433792 /* Products */,
			);
			sourceTree = "<group>";
		};
		8DEF05582C81F00000433792 /* Products */ = {
			isa = PBXGroup;
			children = (
				8DEF05572C81F00000433792 /* ShouldWeWalk.app */,
				8DEF05702C81F00200433792 /* ShouldWeWalkTests.xctest */,
				8DEF057A2C81F00200433792 /* ShouldWeWalkUITests.xctest */,
			);
			name = Products;
			sourceTree = "<group>";
		};
		8DEF05592C81F00000433792 /* ShouldWeWalk */ = {
			isa = PBXGroup;
			children = (
				8DEF059F2C81F3FC00433792 /* Utils */,
				8DEF059E2C81F3E000433792 /* Network */,
				8DEF05922C81F1F000433792 /* Domain */,
				8DEF05942C81F20200433792 /* Resources */,
				8DEF05912C81F1E700433792 /* Data */,
				8DEF05932C81F1F900433792 /* Presentation */,
				8DEF055A2C81F00000433792 /* AppDelegate.swift */,
				8DEF055C2C81F00000433792 /* SceneDelegate.swift */,
				8DEF056B2C81F00200433792 /* Info.plist */,
				8DEF05632C81F00000433792 /* ShouldWeWalk.xcdatamodeld */,
			);
			path = ShouldWeWalk;
			sourceTree = "<group>";
		};
		8DEF05732C81F00200433792 /* ShouldWeWalkTests */ = {
			isa = PBXGroup;
			children = (
				8DEF05742C81F00200433792 /* ShouldWeWalkTests.swift */,
			);
			path = ShouldWeWalkTests;
			sourceTree = "<group>";
		};
		8DEF057D2C81F00200433792 /* ShouldWeWalkUITests */ = {
			isa = PBXGroup;
			children = (
				8DEF057E2C81F00200433792 /* ShouldWeWalkUITests.swift */,
				8DEF05802C81F00200433792 /* ShouldWeWalkUITestsLaunchTests.swift */,
			);
			path = ShouldWeWalkUITests;
			sourceTree = "<group>";
		};
		8DEF05912C81F1E700433792 /* Data */ = {
			isa = PBXGroup;
			children = (
				8DF50E232C86295400F696BA /* Repository */,
				8DEF05992C81F38B00433792 /* Model */,
				8DF50E1B2C8628F100F696BA /* LocationManager.swift */,
			);
			path = Data;
			sourceTree = "<group>";
		};
		8DEF05922C81F1F000433792 /* Domain */ = {
			isa = PBXGroup;
			children = (
				8DF195F42C9719D500A1870F /* UseCases */,
				8DF195F32C9719C600A1870F /* Protocols */,
			);
			path = Domain;
			sourceTree = "<group>";
		};
		8DEF05932C81F1F900433792 /* Presentation */ = {
			isa = PBXGroup;
			children = (
				8DEF05A12C81F9BD00433792 /* Components */,
				8DEF05962C81F2E000433792 /* ViewModels */,
				8DEF05952C81F2D900433792 /* Views */,
			);
			path = Presentation;
			sourceTree = "<group>";
		};
		8DEF05942C81F20200433792 /* Resources */ = {
			isa = PBXGroup;
			children = (
				8DF50E492C9096BF00F696BA /* Assets.xcassets */,
				8DEF05AE2C8286A200433792 /* LocalData */,
				8DEF05AD2C82869700433792 /* Animations */,
			);
			path = Resources;
			sourceTree = "<group>";
		};
		8DEF05952C81F2D900433792 /* Views */ = {
			isa = PBXGroup;
			children = (
				8DEF05A22C81F9D600433792 /* MainScreen */,
				8DEF05A02C81F42D00433792 /* LaunchScreen */,
			);
			path = Views;
			sourceTree = "<group>";
		};
		8DEF05962C81F2E000433792 /* ViewModels */ = {
			isa = PBXGroup;
			children = (
				8DF50E172C8628C400F696BA /* MainScreenViewModel.swift */,
			);
			path = ViewModels;
			sourceTree = "<group>";
		};
		8DEF05992C81F38B00433792 /* Model */ = {
			isa = PBXGroup;
			children = (
				8DF195FB2C971AE700A1870F /* DTO */,
				8DF195FA2C971AD300A1870F /* Local */,
				8DF195F92C971AC400A1870F /* Presentation */,
			);
			path = Model;
			sourceTree = "<group>";
		};
		8DEF059E2C81F3E000433792 /* Network */ = {
			isa = PBXGroup;
			children = (
				8DB777842C9834CF00A4ADA7 /* Services */,
			);
			path = Network;
			sourceTree = "<group>";
		};
		8DEF059F2C81F3FC00433792 /* Utils */ = {
			isa = PBXGroup;
			children = (
				8DF50E442C862AAE00F696BA /* GetEnvData.swift */,
				8DF50E422C862A9C00F696BA /* NetworkConstants.swift */,
				8DF50E402C862A8B00F696BA /* Extension+URLResponse.swift */,
				8DF50E3E2C862A7700F696BA /* Utils.swift */,
			);
			path = Utils;
			sourceTree = "<group>";
		};
		8DEF05A02C81F42D00433792 /* LaunchScreen */ = {
			isa = PBXGroup;
			children = (
				8DF50E3A2C862A4E00F696BA /* LaunchScreen.storyboard */,
			);
			path = LaunchScreen;
			sourceTree = "<group>";
		};
		8DEF05A12C81F9BD00433792 /* Components */ = {
			isa = PBXGroup;
			children = (
				8DEF05B32C833B1A00433792 /* DogsDataCell */,
				8DEF05A82C81FFE000433792 /* CurrentTemperatureView */,
			);
			path = Components;
			sourceTree = "<group>";
		};
		8DEF05A22C81F9D600433792 /* MainScreen */ = {
			isa = PBXGroup;
			children = (
				8DF50E152C8628AE00F696BA /* ViewController.swift */,
				8DF50E362C862A1800F696BA /* Main.storyboard */,
			);
			path = MainScreen;
			sourceTree = "<group>";
		};
		8DEF05A82C81FFE000433792 /* CurrentTemperatureView */ = {
			isa = PBXGroup;
			children = (
				8DF50E132C86288E00F696BA /* CurrentTemperatureViewModel.swift */,
				8DF50E112C8627B400F696BA /* CurrentTemperatureViewController.swift */,
				8DF50E0F2C86279200F696BA /* CurrentTemperatureView.xib */,
			);
			path = CurrentTemperatureView;
			sourceTree = "<group>";
		};
		8DEF05AD2C82869700433792 /* Animations */ = {
			isa = PBXGroup;
			children = (
				8DF50E302C8629D100F696BA /* heatAnimationBG.json */,
			);
			path = Animations;
			sourceTree = "<group>";
		};
		8DEF05AE2C8286A200433792 /* LocalData */ = {
			isa = PBXGroup;
			children = (
				8DF50E342C8629EA00F696BA /* WeatherMockedData.json */,
				8DF50E322C8629DB00F696BA /* DogsData.json */,
			);
			path = LocalData;
			sourceTree = "<group>";
		};
		8DEF05B32C833B1A00433792 /* DogsDataCell */ = {
			isa = PBXGroup;
			children = (
				8DF195EF2C970FD200A1870F /* DogsDataCell.xib */,
				8DF195F12C97103E00A1870F /* DogsDataViewController.swift */,
			);
			path = DogsDataCell;
			sourceTree = "<group>";
		};
		8DF195F32C9719C600A1870F /* Protocols */ = {
			isa = PBXGroup;
			children = (
				8DF50E2E2C8629BE00F696BA /* GetCurrentLocationUseCaseProtocol.swift */,
				8DF50E2C2C8629B000F696BA /* WeatherServiceProtocol.swift */,
				8DF50E2A2C86299E00F696BA /* GetWeatherProtocol.swift */,
				8DF195F72C971A7900A1870F /* DogsUseCaseProtocol.swift */,
			);
			path = Protocols;
			sourceTree = "<group>";
		};
		8DF195F42C9719D500A1870F /* UseCases */ = {
			isa = PBXGroup;
			children = (
				8DF50E282C86299200F696BA /* GetCurrentLocationUseCase.swift */,
				8DF50E262C86298500F696BA /* GetWeatherUseCase.swift */,
				8DF195F52C9719F300A1870F /* GetDogsDataUseCase.swift */,
			);
			path = UseCases;
			sourceTree = "<group>";
		};
		8DF195F92C971AC400A1870F /* Presentation */ = {
			isa = PBXGroup;
			children = (
				8DF50E1D2C86292900F696BA /* WeatherModel.swift */,
			);
			path = Presentation;
			sourceTree = "<group>";
		};
		8DF195FA2C971AD300A1870F /* Local */ = {
			isa = PBXGroup;
			children = (
				8DF50E1F2C86293700F696BA /* Dog.swift */,
			);
			path = Local;
			sourceTree = "<group>";
		};
		8DF195FB2C971AE700A1870F /* DTO */ = {
			isa = PBXGroup;
			children = (
				8DF50E212C86294300F696BA /* WeatherDTO.swift */,
			);
			path = DTO;
			sourceTree = "<group>";
		};
		8DF50E232C86295400F696BA /* Repository */ = {
			isa = PBXGroup;
			children = (
				8DF50E192C8628E300F696BA /* WeatherRepository.swift */,
			);
			name = Repository;
			path = ShouldWeWalk/Repository;
			sourceTree = SOURCE_ROOT;
		};
/* End PBXGroup section */

/* Begin PBXNativeTarget section */
		8DEF05562C81F00000433792 /* ShouldWeWalk */ = {
			isa = PBXNativeTarget;
			buildConfigurationList = 8DEF05842C81F00200433792 /* Build configuration list for PBXNativeTarget "ShouldWeWalk" */;
			buildPhases = (
				8DEF05532C81F00000433792 /* Sources */,
				8DEF05542C81F00000433792 /* Frameworks */,
				8DEF05552C81F00000433792 /* Resources */,
			);
			buildRules = (
			);
			dependencies = (
			);
			name = ShouldWeWalk;
			packageProductDependencies = (
				8DEF05A62C81FF4400433792 /* Lottie */,
				8DD015122C835BFF006957DE /* SwiftDotenv */,
			);
			productName = ShouldWeWalk;
			productReference = 8DEF05572C81F00000433792 /* ShouldWeWalk.app */;
			productType = "com.apple.product-type.application";
		};
		8DEF056F2C81F00200433792 /* ShouldWeWalkTests */ = {
			isa = PBXNativeTarget;
			buildConfigurationList = 8DEF05872C81F00200433792 /* Build configuration list for PBXNativeTarget "ShouldWeWalkTests" */;
			buildPhases = (
				8DEF056C2C81F00200433792 /* Sources */,
				8DEF056D2C81F00200433792 /* Frameworks */,
				8DEF056E2C81F00200433792 /* Resources */,
			);
			buildRules = (
			);
			dependencies = (
				8DEF05722C81F00200433792 /* PBXTargetDependency */,
			);
			name = ShouldWeWalkTests;
			productName = ShouldWeWalkTests;
			productReference = 8DEF05702C81F00200433792 /* ShouldWeWalkTests.xctest */;
			productType = "com.apple.product-type.bundle.unit-test";
		};
		8DEF05792C81F00200433792 /* ShouldWeWalkUITests */ = {
			isa = PBXNativeTarget;
			buildConfigurationList = 8DEF058A2C81F00200433792 /* Build configuration list for PBXNativeTarget "ShouldWeWalkUITests" */;
			buildPhases = (
				8DEF05762C81F00200433792 /* Sources */,
				8DEF05772C81F00200433792 /* Frameworks */,
				8DEF05782C81F00200433792 /* Resources */,
			);
			buildRules = (
			);
			dependencies = (
				8DEF057C2C81F00200433792 /* PBXTargetDependency */,
			);
			name = ShouldWeWalkUITests;
			productName = ShouldWeWalkUITests;
			productReference = 8DEF057A2C81F00200433792 /* ShouldWeWalkUITests.xctest */;
			productType = "com.apple.product-type.bundle.ui-testing";
		};
/* End PBXNativeTarget section */

/* Begin PBXProject section */
		8DEF054F2C81F00000433792 /* Project object */ = {
			isa = PBXProject;
			attributes = {
				BuildIndependentTargetsInParallel = 1;
				LastSwiftUpdateCheck = 1540;
				LastUpgradeCheck = 1540;
				TargetAttributes = {
					8DEF05562C81F00000433792 = {
						CreatedOnToolsVersion = 15.4;
					};
					8DEF056F2C81F00200433792 = {
						CreatedOnToolsVersion = 15.4;
						TestTargetID = 8DEF05562C81F00000433792;
					};
					8DEF05792C81F00200433792 = {
						CreatedOnToolsVersion = 15.4;
						TestTargetID = 8DEF05562C81F00000433792;
					};
				};
			};
			buildConfigurationList = 8DEF05522C81F00000433792 /* Build configuration list for PBXProject "ShouldWeWalk" */;
			compatibilityVersion = "Xcode 14.0";
			developmentRegion = en;
			hasScannedForEncodings = 0;
			knownRegions = (
				en,
				Base,
				es,
			);
			mainGroup = 8DEF054E2C81F00000433792;
			packageReferences = (
				8DEF05A52C81FF4400433792 /* XCRemoteSwiftPackageReference "lottie-ios" */,
				8DD015112C835BFF006957DE /* XCRemoteSwiftPackageReference "swift-dotenv" */,
			);
			productRefGroup = 8DEF05582C81F00000433792 /* Products */;
			projectDirPath = "";
			projectRoot = "";
			targets = (
				8DEF05562C81F00000433792 /* ShouldWeWalk */,
				8DEF056F2C81F00200433792 /* ShouldWeWalkTests */,
				8DEF05792C81F00200433792 /* ShouldWeWalkUITests */,
			);
		};
/* End PBXProject section */

/* Begin PBXResourcesBuildPhase section */
		8DEF05552C81F00000433792 /* Resources */ = {
			isa = PBXResourcesBuildPhase;
			buildActionMask = 2147483647;
			files = (
				8DF50E3B2C862A4E00F696BA /* LaunchScreen.storyboard in Resources */,
				8DEF05902C81F15C00433792 /* .gitignore in Resources */,
				8DF50E332C8629DC00F696BA /* DogsData.json in Resources */,
				8DF50E472C862C2E00F696BA /* .env in Resources */,
				8DF195F02C970FD200A1870F /* DogsDataCell.xib in Resources */,
				8DF50E4A2C9096BF00F696BA /* Assets.xcassets in Resources */,
				8DF50E352C8629EA00F696BA /* WeatherMockedData.json in Resources */,
				8DF50E372C862A1800F696BA /* Main.storyboard in Resources */,
				8DF50E102C86279200F696BA /* CurrentTemperatureView.xib in Resources */,
				8DF50E312C8629D100F696BA /* heatAnimationBG.json in Resources */,
			);
			runOnlyForDeploymentPostprocessing = 0;
		};
		8DEF056E2C81F00200433792 /* Resources */ = {
			isa = PBXResourcesBuildPhase;
			buildActionMask = 2147483647;
			files = (
			);
			runOnlyForDeploymentPostprocessing = 0;
		};
		8DEF05782C81F00200433792 /* Resources */ = {
			isa = PBXResourcesBuildPhase;
			buildActionMask = 2147483647;
			files = (
			);
			runOnlyForDeploymentPostprocessing = 0;
		};
/* End PBXResourcesBuildPhase section */

/* Begin PBXSourcesBuildPhase section */
		8DEF05532C81F00000433792 /* Sources */ = {
			isa = PBXSourcesBuildPhase;
			buildActionMask = 2147483647;
			files = (
				8DF195F82C971A7900A1870F /* DogsUseCaseProtocol.swift in Sources */,
				8DF50E2F2C8629BE00F696BA /* GetCurrentLocationUseCaseProtocol.swift in Sources */,
				8DF50E182C8628C400F696BA /* MainScreenViewModel.swift in Sources */,
				8DF50E162C8628AE00F696BA /* ViewController.swift in Sources */,
				8DF50E2B2C86299E00F696BA /* GetWeatherProtocol.swift in Sources */,
				8DF195F22C97103E00A1870F /* DogsDataViewController.swift in Sources */,
				8DF50E452C862AAE00F696BA /* GetEnvData.swift in Sources */,
				8DF50E3D2C862A6800F696BA /* WeatherService.swift in Sources */,
				8DEF055B2C81F00000433792 /* AppDelegate.swift in Sources */,
				8DEF055D2C81F00000433792 /* SceneDelegate.swift in Sources */,
				8DEF05652C81F00000433792 /* ShouldWeWalk.xcdatamodeld in Sources */,
				8DF50E222C86294300F696BA /* WeatherDTO.swift in Sources */,
				8DF50E202C86293700F696BA /* Dog.swift in Sources */,
				8DF50E292C86299200F696BA /* GetCurrentLocationUseCase.swift in Sources */,
				8DF50E122C8627B400F696BA /* CurrentTemperatureViewController.swift in Sources */,
				8DF50E3F2C862A7700F696BA /* Utils.swift in Sources */,
				8DF50E2D2C8629B000F696BA /* WeatherServiceProtocol.swift in Sources */,
				8DF50E1A2C8628E300F696BA /* WeatherRepository.swift in Sources */,
				8DF50E272C86298500F696BA /* GetWeatherUseCase.swift in Sources */,
				8DF50E412C862A8B00F696BA /* Extension+URLResponse.swift in Sources */,
				8DF195F62C9719F300A1870F /* GetDogsDataUseCase.swift in Sources */,
				8DF50E142C86288E00F696BA /* CurrentTemperatureViewModel.swift in Sources */,
				8DF50E1C2C8628F100F696BA /* LocationManager.swift in Sources */,
				8DF50E1E2C86292900F696BA /* WeatherModel.swift in Sources */,
				8DF50E432C862A9C00F696BA /* NetworkConstants.swift in Sources */,
			);
			runOnlyForDeploymentPostprocessing = 0;
		};
		8DEF056C2C81F00200433792 /* Sources */ = {
			isa = PBXSourcesBuildPhase;
			buildActionMask = 2147483647;
			files = (
				8DEF05752C81F00200433792 /* ShouldWeWalkTests.swift in Sources */,
			);
			runOnlyForDeploymentPostprocessing = 0;
		};
		8DEF05762C81F00200433792 /* Sources */ = {
			isa = PBXSourcesBuildPhase;
			buildActionMask = 2147483647;
			files = (
				8DEF05812C81F00200433792 /* ShouldWeWalkUITestsLaunchTests.swift in Sources */,
				8DEF057F2C81F00200433792 /* ShouldWeWalkUITests.swift in Sources */,
			);
			runOnlyForDeploymentPostprocessing = 0;
		};
/* End PBXSourcesBuildPhase section */

/* Begin PBXTargetDependency section */
		8DEF05722C81F00200433792 /* PBXTargetDependency */ = {
			isa = PBXTargetDependency;
			target = 8DEF05562C81F00000433792 /* ShouldWeWalk */;
			targetProxy = 8DEF05712C81F00200433792 /* PBXContainerItemProxy */;
		};
		8DEF057C2C81F00200433792 /* PBXTargetDependency */ = {
			isa = PBXTargetDependency;
			target = 8DEF05562C81F00000433792 /* ShouldWeWalk */;
			targetProxy = 8DEF057B2C81F00200433792 /* PBXContainerItemProxy */;
		};
/* End PBXTargetDependency section */

/* Begin XCBuildConfiguration section */
		8DEF05822C81F00200433792 /* Debug */ = {
			isa = XCBuildConfiguration;
			buildSettings = {
				ALWAYS_SEARCH_USER_PATHS = NO;
				ASSETCATALOG_COMPILER_GENERATE_SWIFT_ASSET_SYMBOL_EXTENSIONS = YES;
				CLANG_ANALYZER_LOCALIZABILITY_NONLOCALIZED = YES;
				CLANG_ANALYZER_NONNULL = YES;
				CLANG_ANALYZER_NUMBER_OBJECT_CONVERSION = YES_AGGRESSIVE;
				CLANG_CXX_LANGUAGE_STANDARD = "gnu++20";
				CLANG_ENABLE_MODULES = YES;
				CLANG_ENABLE_OBJC_ARC = YES;
				CLANG_ENABLE_OBJC_WEAK = YES;
				CLANG_WARN_BLOCK_CAPTURE_AUTORELEASING = YES;
				CLANG_WARN_BOOL_CONVERSION = YES;
				CLANG_WARN_COMMA = YES;
				CLANG_WARN_CONSTANT_CONVERSION = YES;
				CLANG_WARN_DEPRECATED_OBJC_IMPLEMENTATIONS = YES;
				CLANG_WARN_DIRECT_OBJC_ISA_USAGE = YES_ERROR;
				CLANG_WARN_DOCUMENTATION_COMMENTS = YES;
				CLANG_WARN_EMPTY_BODY = YES;
				CLANG_WARN_ENUM_CONVERSION = YES;
				CLANG_WARN_INFINITE_RECURSION = YES;
				CLANG_WARN_INT_CONVERSION = YES;
				CLANG_WARN_NON_LITERAL_NULL_CONVERSION = YES;
				CLANG_WARN_OBJC_IMPLICIT_RETAIN_SELF = YES;
				CLANG_WARN_OBJC_LITERAL_CONVERSION = YES;
				CLANG_WARN_OBJC_ROOT_CLASS = YES_ERROR;
				CLANG_WARN_QUOTED_INCLUDE_IN_FRAMEWORK_HEADER = YES;
				CLANG_WARN_RANGE_LOOP_ANALYSIS = YES;
				CLANG_WARN_STRICT_PROTOTYPES = YES;
				CLANG_WARN_SUSPICIOUS_MOVE = YES;
				CLANG_WARN_UNGUARDED_AVAILABILITY = YES_AGGRESSIVE;
				CLANG_WARN_UNREACHABLE_CODE = YES;
				CLANG_WARN__DUPLICATE_METHOD_MATCH = YES;
				COPY_PHASE_STRIP = NO;
				DEBUG_INFORMATION_FORMAT = dwarf;
				ENABLE_STRICT_OBJC_MSGSEND = YES;
				ENABLE_TESTABILITY = YES;
				ENABLE_USER_SCRIPT_SANDBOXING = YES;
				GCC_C_LANGUAGE_STANDARD = gnu17;
				GCC_DYNAMIC_NO_PIC = NO;
				GCC_NO_COMMON_BLOCKS = YES;
				GCC_OPTIMIZATION_LEVEL = 0;
				GCC_PREPROCESSOR_DEFINITIONS = (
					"DEBUG=1",
					"$(inherited)",
				);
				GCC_WARN_64_TO_32_BIT_CONVERSION = YES;
				GCC_WARN_ABOUT_RETURN_TYPE = YES_ERROR;
				GCC_WARN_UNDECLARED_SELECTOR = YES;
				GCC_WARN_UNINITIALIZED_AUTOS = YES_AGGRESSIVE;
				GCC_WARN_UNUSED_FUNCTION = YES;
				GCC_WARN_UNUSED_VARIABLE = YES;
				IPHONEOS_DEPLOYMENT_TARGET = 17.5;
				LOCALIZATION_PREFERS_STRING_CATALOGS = YES;
				MTL_ENABLE_DEBUG_INFO = INCLUDE_SOURCE;
				MTL_FAST_MATH = YES;
				ONLY_ACTIVE_ARCH = YES;
				SDKROOT = iphoneos;
				SWIFT_ACTIVE_COMPILATION_CONDITIONS = "DEBUG $(inherited)";
				SWIFT_OPTIMIZATION_LEVEL = "-Onone";
			};
			name = Debug;
		};
		8DEF05832C81F00200433792 /* Release */ = {
			isa = XCBuildConfiguration;
			buildSettings = {
				ALWAYS_SEARCH_USER_PATHS = NO;
				ASSETCATALOG_COMPILER_GENERATE_SWIFT_ASSET_SYMBOL_EXTENSIONS = YES;
				CLANG_ANALYZER_LOCALIZABILITY_NONLOCALIZED = YES;
				CLANG_ANALYZER_NONNULL = YES;
				CLANG_ANALYZER_NUMBER_OBJECT_CONVERSION = YES_AGGRESSIVE;
				CLANG_CXX_LANGUAGE_STANDARD = "gnu++20";
				CLANG_ENABLE_MODULES = YES;
				CLANG_ENABLE_OBJC_ARC = YES;
				CLANG_ENABLE_OBJC_WEAK = YES;
				CLANG_WARN_BLOCK_CAPTURE_AUTORELEASING = YES;
				CLANG_WARN_BOOL_CONVERSION = YES;
				CLANG_WARN_COMMA = YES;
				CLANG_WARN_CONSTANT_CONVERSION = YES;
				CLANG_WARN_DEPRECATED_OBJC_IMPLEMENTATIONS = YES;
				CLANG_WARN_DIRECT_OBJC_ISA_USAGE = YES_ERROR;
				CLANG_WARN_DOCUMENTATION_COMMENTS = YES;
				CLANG_WARN_EMPTY_BODY = YES;
				CLANG_WARN_ENUM_CONVERSION = YES;
				CLANG_WARN_INFINITE_RECURSION = YES;
				CLANG_WARN_INT_CONVERSION = YES;
				CLANG_WARN_NON_LITERAL_NULL_CONVERSION = YES;
				CLANG_WARN_OBJC_IMPLICIT_RETAIN_SELF = YES;
				CLANG_WARN_OBJC_LITERAL_CONVERSION = YES;
				CLANG_WARN_OBJC_ROOT_CLASS = YES_ERROR;
				CLANG_WARN_QUOTED_INCLUDE_IN_FRAMEWORK_HEADER = YES;
				CLANG_WARN_RANGE_LOOP_ANALYSIS = YES;
				CLANG_WARN_STRICT_PROTOTYPES = YES;
				CLANG_WARN_SUSPICIOUS_MOVE = YES;
				CLANG_WARN_UNGUARDED_AVAILABILITY = YES_AGGRESSIVE;
				CLANG_WARN_UNREACHABLE_CODE = YES;
				CLANG_WARN__DUPLICATE_METHOD_MATCH = YES;
				COPY_PHASE_STRIP = NO;
				DEBUG_INFORMATION_FORMAT = "dwarf-with-dsym";
				ENABLE_NS_ASSERTIONS = NO;
				ENABLE_STRICT_OBJC_MSGSEND = YES;
				ENABLE_USER_SCRIPT_SANDBOXING = YES;
				GCC_C_LANGUAGE_STANDARD = gnu17;
				GCC_NO_COMMON_BLOCKS = YES;
				GCC_WARN_64_TO_32_BIT_CONVERSION = YES;
				GCC_WARN_ABOUT_RETURN_TYPE = YES_ERROR;
				GCC_WARN_UNDECLARED_SELECTOR = YES;
				GCC_WARN_UNINITIALIZED_AUTOS = YES_AGGRESSIVE;
				GCC_WARN_UNUSED_FUNCTION = YES;
				GCC_WARN_UNUSED_VARIABLE = YES;
				IPHONEOS_DEPLOYMENT_TARGET = 17.5;
				LOCALIZATION_PREFERS_STRING_CATALOGS = YES;
				MTL_ENABLE_DEBUG_INFO = NO;
				MTL_FAST_MATH = YES;
				SDKROOT = iphoneos;
				SWIFT_COMPILATION_MODE = wholemodule;
				VALIDATE_PRODUCT = YES;
			};
			name = Release;
		};
		8DEF05852C81F00200433792 /* Debug */ = {
			isa = XCBuildConfiguration;
			buildSettings = {
				ASSETCATALOG_COMPILER_APPICON_NAME = AppIcon;
				ASSETCATALOG_COMPILER_GLOBAL_ACCENT_COLOR_NAME = AccentColor;
				CODE_SIGN_STYLE = Automatic;
				CURRENT_PROJECT_VERSION = 1;
				DEVELOPMENT_TEAM = TJMJV7ZV7T;
				GENERATE_INFOPLIST_FILE = YES;
				INFOPLIST_FILE = ShouldWeWalk/Info.plist;
				INFOPLIST_KEY_UIApplicationSupportsIndirectInputEvents = YES;
				INFOPLIST_KEY_UILaunchStoryboardName = LaunchScreen;
				INFOPLIST_KEY_UIMainStoryboardFile = Main;
				INFOPLIST_KEY_UISupportedInterfaceOrientations_iPad = "UIInterfaceOrientationPortrait UIInterfaceOrientationPortraitUpsideDown UIInterfaceOrientationLandscapeLeft UIInterfaceOrientationLandscapeRight";
				INFOPLIST_KEY_UISupportedInterfaceOrientations_iPhone = "UIInterfaceOrientationPortrait UIInterfaceOrientationLandscapeLeft UIInterfaceOrientationLandscapeRight";
				IPHONEOS_DEPLOYMENT_TARGET = 16.0;
				LD_RUNPATH_SEARCH_PATHS = (
					"$(inherited)",
					"@executable_path/Frameworks",
				);
				MARKETING_VERSION = 1.0;
				PRODUCT_BUNDLE_IDENTIFIER = com.Marcos.ShouldWeWalk;
				PRODUCT_NAME = "$(TARGET_NAME)";
				SWIFT_EMIT_LOC_STRINGS = YES;
				SWIFT_VERSION = 5.0;
				TARGETED_DEVICE_FAMILY = "1,2";
			};
			name = Debug;
		};
		8DEF05862C81F00200433792 /* Release */ = {
			isa = XCBuildConfiguration;
			buildSettings = {
				ASSETCATALOG_COMPILER_APPICON_NAME = AppIcon;
				ASSETCATALOG_COMPILER_GLOBAL_ACCENT_COLOR_NAME = AccentColor;
				CODE_SIGN_STYLE = Automatic;
				CURRENT_PROJECT_VERSION = 1;
				DEVELOPMENT_TEAM = TJMJV7ZV7T;
				GENERATE_INFOPLIST_FILE = YES;
				INFOPLIST_FILE = ShouldWeWalk/Info.plist;
				INFOPLIST_KEY_UIApplicationSupportsIndirectInputEvents = YES;
				INFOPLIST_KEY_UILaunchStoryboardName = LaunchScreen;
				INFOPLIST_KEY_UIMainStoryboardFile = Main;
				INFOPLIST_KEY_UISupportedInterfaceOrientations_iPad = "UIInterfaceOrientationPortrait UIInterfaceOrientationPortraitUpsideDown UIInterfaceOrientationLandscapeLeft UIInterfaceOrientationLandscapeRight";
				INFOPLIST_KEY_UISupportedInterfaceOrientations_iPhone = "UIInterfaceOrientationPortrait UIInterfaceOrientationLandscapeLeft UIInterfaceOrientationLandscapeRight";
				IPHONEOS_DEPLOYMENT_TARGET = 16.0;
				LD_RUNPATH_SEARCH_PATHS = (
					"$(inherited)",
					"@executable_path/Frameworks",
				);
				MARKETING_VERSION = 1.0;
				PRODUCT_BUNDLE_IDENTIFIER = com.Marcos.ShouldWeWalk;
				PRODUCT_NAME = "$(TARGET_NAME)";
				SWIFT_EMIT_LOC_STRINGS = YES;
				SWIFT_VERSION = 5.0;
				TARGETED_DEVICE_FAMILY = "1,2";
			};
			name = Release;
		};
		8DEF05882C81F00200433792 /* Debug */ = {
			isa = XCBuildConfiguration;
			buildSettings = {
				ALWAYS_EMBED_SWIFT_STANDARD_LIBRARIES = YES;
				BUNDLE_LOADER = "$(TEST_HOST)";
				CODE_SIGN_STYLE = Automatic;
				CURRENT_PROJECT_VERSION = 1;
				DEVELOPMENT_TEAM = TJMJV7ZV7T;
				GENERATE_INFOPLIST_FILE = YES;
				IPHONEOS_DEPLOYMENT_TARGET = 17.5;
				MARKETING_VERSION = 1.0;
				PRODUCT_BUNDLE_IDENTIFIER = com.Marcos.ShouldWeWalkTests;
				PRODUCT_NAME = "$(TARGET_NAME)";
				SWIFT_EMIT_LOC_STRINGS = NO;
				SWIFT_VERSION = 5.0;
				TARGETED_DEVICE_FAMILY = "1,2";
				TEST_HOST = "$(BUILT_PRODUCTS_DIR)/ShouldWeWalk.app/$(BUNDLE_EXECUTABLE_FOLDER_PATH)/ShouldWeWalk";
			};
			name = Debug;
		};
		8DEF05892C81F00200433792 /* Release */ = {
			isa = XCBuildConfiguration;
			buildSettings = {
				ALWAYS_EMBED_SWIFT_STANDARD_LIBRARIES = YES;
				BUNDLE_LOADER = "$(TEST_HOST)";
				CODE_SIGN_STYLE = Automatic;
				CURRENT_PROJECT_VERSION = 1;
				DEVELOPMENT_TEAM = TJMJV7ZV7T;
				GENERATE_INFOPLIST_FILE = YES;
				IPHONEOS_DEPLOYMENT_TARGET = 17.5;
				MARKETING_VERSION = 1.0;
				PRODUCT_BUNDLE_IDENTIFIER = com.Marcos.ShouldWeWalkTests;
				PRODUCT_NAME = "$(TARGET_NAME)";
				SWIFT_EMIT_LOC_STRINGS = NO;
				SWIFT_VERSION = 5.0;
				TARGETED_DEVICE_FAMILY = "1,2";
				TEST_HOST = "$(BUILT_PRODUCTS_DIR)/ShouldWeWalk.app/$(BUNDLE_EXECUTABLE_FOLDER_PATH)/ShouldWeWalk";
			};
			name = Release;
		};
		8DEF058B2C81F00200433792 /* Debug */ = {
			isa = XCBuildConfiguration;
			buildSettings = {
				ALWAYS_EMBED_SWIFT_STANDARD_LIBRARIES = YES;
				CODE_SIGN_STYLE = Automatic;
				CURRENT_PROJECT_VERSION = 1;
				DEVELOPMENT_TEAM = TJMJV7ZV7T;
				GENERATE_INFOPLIST_FILE = YES;
				MARKETING_VERSION = 1.0;
				PRODUCT_BUNDLE_IDENTIFIER = com.Marcos.ShouldWeWalkUITests;
				PRODUCT_NAME = "$(TARGET_NAME)";
				SWIFT_EMIT_LOC_STRINGS = NO;
				SWIFT_VERSION = 5.0;
				TARGETED_DEVICE_FAMILY = "1,2";
				TEST_TARGET_NAME = ShouldWeWalk;
			};
			name = Debug;
		};
		8DEF058C2C81F00200433792 /* Release */ = {
			isa = XCBuildConfiguration;
			buildSettings = {
				ALWAYS_EMBED_SWIFT_STANDARD_LIBRARIES = YES;
				CODE_SIGN_STYLE = Automatic;
				CURRENT_PROJECT_VERSION = 1;
				DEVELOPMENT_TEAM = TJMJV7ZV7T;
				GENERATE_INFOPLIST_FILE = YES;
				MARKETING_VERSION = 1.0;
				PRODUCT_BUNDLE_IDENTIFIER = com.Marcos.ShouldWeWalkUITests;
				PRODUCT_NAME = "$(TARGET_NAME)";
				SWIFT_EMIT_LOC_STRINGS = NO;
				SWIFT_VERSION = 5.0;
				TARGETED_DEVICE_FAMILY = "1,2";
				TEST_TARGET_NAME = ShouldWeWalk;
			};
			name = Release;
		};
/* End XCBuildConfiguration section */

/* Begin XCConfigurationList section */
		8DEF05522C81F00000433792 /* Build configuration list for PBXProject "ShouldWeWalk" */ = {
			isa = XCConfigurationList;
			buildConfigurations = (
				8DEF05822C81F00200433792 /* Debug */,
				8DEF05832C81F00200433792 /* Release */,
			);
			defaultConfigurationIsVisible = 0;
			defaultConfigurationName = Release;
		};
		8DEF05842C81F00200433792 /* Build configuration list for PBXNativeTarget "ShouldWeWalk" */ = {
			isa = XCConfigurationList;
			buildConfigurations = (
				8DEF05852C81F00200433792 /* Debug */,
				8DEF05862C81F00200433792 /* Release */,
			);
			defaultConfigurationIsVisible = 0;
			defaultConfigurationName = Release;
		};
		8DEF05872C81F00200433792 /* Build configuration list for PBXNativeTarget "ShouldWeWalkTests" */ = {
			isa = XCConfigurationList;
			buildConfigurations = (
				8DEF05882C81F00200433792 /* Debug */,
				8DEF05892C81F00200433792 /* Release */,
			);
			defaultConfigurationIsVisible = 0;
			defaultConfigurationName = Release;
		};
		8DEF058A2C81F00200433792 /* Build configuration list for PBXNativeTarget "ShouldWeWalkUITests" */ = {
			isa = XCConfigurationList;
			buildConfigurations = (
				8DEF058B2C81F00200433792 /* Debug */,
				8DEF058C2C81F00200433792 /* Release */,
			);
			defaultConfigurationIsVisible = 0;
			defaultConfigurationName = Release;
		};
/* End XCConfigurationList section */

/* Begin XCRemoteSwiftPackageReference section */
		8DD015112C835BFF006957DE /* XCRemoteSwiftPackageReference "swift-dotenv" */ = {
			isa = XCRemoteSwiftPackageReference;
			repositoryURL = "https://github.com/thebarndog/swift-dotenv";
			requirement = {
				kind = upToNextMajorVersion;
				minimumVersion = 2.0.1;
			};
		};
		8DEF05A52C81FF4400433792 /* XCRemoteSwiftPackageReference "lottie-ios" */ = {
			isa = XCRemoteSwiftPackageReference;
			repositoryURL = "https://github.com/airbnb/lottie-ios.git";
			requirement = {
				kind = upToNextMajorVersion;
				minimumVersion = 4.5.0;
			};
		};
/* End XCRemoteSwiftPackageReference section */

/* Begin XCSwiftPackageProductDependency section */
		8DD015122C835BFF006957DE /* SwiftDotenv */ = {
			isa = XCSwiftPackageProductDependency;
			package = 8DD015112C835BFF006957DE /* XCRemoteSwiftPackageReference "swift-dotenv" */;
			productName = SwiftDotenv;
		};
		8DEF05A62C81FF4400433792 /* Lottie */ = {
			isa = XCSwiftPackageProductDependency;
			package = 8DEF05A52C81FF4400433792 /* XCRemoteSwiftPackageReference "lottie-ios" */;
			productName = Lottie;
		};
/* End XCSwiftPackageProductDependency section */

/* Begin XCVersionGroup section */
		8DEF05632C81F00000433792 /* ShouldWeWalk.xcdatamodeld */ = {
			isa = XCVersionGroup;
			children = (
				8DEF05642C81F00000433792 /* ShouldWeWalk.xcdatamodel */,
			);
			currentVersion = 8DEF05642C81F00000433792 /* ShouldWeWalk.xcdatamodel */;
			path = ShouldWeWalk.xcdatamodeld;
			sourceTree = "<group>";
			versionGroupType = wrapper.xcdatamodel;
		};
/* End XCVersionGroup section */
	};
	rootObject = 8DEF054F2C81F00000433792 /* Project object */;
}
